// !$*UTF8*$!
{
	archiveVersion = 1;
	classes = {
	};
	objectVersion = 50;
	objects = {

/* Begin PBXBuildFile section */
		F60E7346241F6FB1004B612D /* PriceFormatExtensions.swift in Sources */ = {isa = PBXBuildFile; fileRef = F60E7342241F6FB1004B612D /* PriceFormatExtensions.swift */; };
		F60E7348241F6FB1004B612D /* Textview.swift in Sources */ = {isa = PBXBuildFile; fileRef = F60E7344241F6FB1004B612D /* Textview.swift */; };
		F60E7349241F6FB1004B612D /* TextFormatters.swift in Sources */ = {isa = PBXBuildFile; fileRef = F60E7345241F6FB1004B612D /* TextFormatters.swift */; };
		F60E734B241F6FD2004B612D /* Textfield.swift in Sources */ = {isa = PBXBuildFile; fileRef = F60E734A241F6FD2004B612D /* Textfield.swift */; };
		F6629711243B3E6100864891 /* Email.swift in Sources */ = {isa = PBXBuildFile; fileRef = F6629710243B3E6100864891 /* Email.swift */; };
		F666AC722381C450000F465F /* SnappingLayout.swift in Sources */ = {isa = PBXBuildFile; fileRef = F666AC6A2381C450000F465F /* SnappingLayout.swift */; };
		F666AC742381C450000F465F /* CardView.swift in Sources */ = {isa = PBXBuildFile; fileRef = F666AC6C2381C450000F465F /* CardView.swift */; };
		F666AC752381C450000F465F /* DataManager.swift in Sources */ = {isa = PBXBuildFile; fileRef = F666AC6D2381C450000F465F /* DataManager.swift */; };
		F666AC762381C450000F465F /* CardMessages.swift in Sources */ = {isa = PBXBuildFile; fileRef = F666AC6E2381C450000F465F /* CardMessages.swift */; };
		F666AC772381C450000F465F /* KingfisherSource.swift in Sources */ = {isa = PBXBuildFile; fileRef = F666AC6F2381C450000F465F /* KingfisherSource.swift */; };
		F666AC792381C450000F465F /* ShinyButton.swift in Sources */ = {isa = PBXBuildFile; fileRef = F666AC712381C450000F465F /* ShinyButton.swift */; };
		F666AC7D2381D768000F465F /* UIView.swift in Sources */ = {isa = PBXBuildFile; fileRef = F666AC7C2381D768000F465F /* UIView.swift */; };
		F666AC7F2381D782000F465F /* String.swift in Sources */ = {isa = PBXBuildFile; fileRef = F666AC7E2381D782000F465F /* String.swift */; };
		F666AC812381D79F000F465F /* PriceFormatter.swift in Sources */ = {isa = PBXBuildFile; fileRef = F666AC802381D79F000F465F /* PriceFormatter.swift */; };
		F666AC832381D813000F465F /* Color.swift in Sources */ = {isa = PBXBuildFile; fileRef = F666AC822381D813000F465F /* Color.swift */; };
		F666AC852381D838000F465F /* Date.swift in Sources */ = {isa = PBXBuildFile; fileRef = F666AC842381D838000F465F /* Date.swift */; };
		F666AC872381DE6D000F465F /* ApiManager.swift in Sources */ = {isa = PBXBuildFile; fileRef = F666AC862381DE6D000F465F /* ApiManager.swift */; };
		F666AC892381E28E000F465F /* Button.swift in Sources */ = {isa = PBXBuildFile; fileRef = F666AC882381E28D000F465F /* Button.swift */; };
		F666AC8B2381E2B2000F465F /* Font.swift in Sources */ = {isa = PBXBuildFile; fileRef = F666AC8A2381E2B2000F465F /* Font.swift */; };
		F666AC8D2381E58E000F465F /* Image.swift in Sources */ = {isa = PBXBuildFile; fileRef = F666AC8C2381E58E000F465F /* Image.swift */; };
		F666AC8F2381E5B0000F465F /* Float.swift in Sources */ = {isa = PBXBuildFile; fileRef = F666AC8E2381E5B0000F465F /* Float.swift */; };
		F666AC912381E60E000F465F /* Localization.swift in Sources */ = {isa = PBXBuildFile; fileRef = F666AC902381E60E000F465F /* Localization.swift */; };
		F666AC932381E67F000F465F /* TextfieldRect.swift in Sources */ = {isa = PBXBuildFile; fileRef = F666AC922381E67F000F465F /* TextfieldRect.swift */; };
		F666AC952381E705000F465F /* ArrayMerge.swift in Sources */ = {isa = PBXBuildFile; fileRef = F666AC942381E705000F465F /* ArrayMerge.swift */; };
		F666AC972381E76F000F465F /* ScrollView.swift in Sources */ = {isa = PBXBuildFile; fileRef = F666AC962381E76F000F465F /* ScrollView.swift */; };
		F666AC992381E9DA000F465F /* NavigationBarFullView.swift in Sources */ = {isa = PBXBuildFile; fileRef = F666AC982381E9DA000F465F /* NavigationBarFullView.swift */; };
		F6A7B24F2376D87B003554DD /* AppDelegate.swift in Sources */ = {isa = PBXBuildFile; fileRef = F6A7B24E2376D87B003554DD /* AppDelegate.swift */; };
		F6A7B2532376D87B003554DD /* ViewController.swift in Sources */ = {isa = PBXBuildFile; fileRef = F6A7B2522376D87B003554DD /* ViewController.swift */; };
		F6A7B2562376D87B003554DD /* Main.storyboard in Resources */ = {isa = PBXBuildFile; fileRef = F6A7B2542376D87B003554DD /* Main.storyboard */; };
		F6A7B2582376D87D003554DD /* Assets.xcassets in Resources */ = {isa = PBXBuildFile; fileRef = F6A7B2572376D87D003554DD /* Assets.xcassets */; };
		F6A7B25B2376D87D003554DD /* LaunchScreen.storyboard in Resources */ = {isa = PBXBuildFile; fileRef = F6A7B2592376D87D003554DD /* LaunchScreen.storyboard */; };
/* End PBXBuildFile section */

/* Begin PBXFileReference section */
		F60E7342241F6FB1004B612D /* PriceFormatExtensions.swift */ = {isa = PBXFileReference; fileEncoding = 4; lastKnownFileType = sourcecode.swift; path = PriceFormatExtensions.swift; sourceTree = "<group>"; };
		F60E7344241F6FB1004B612D /* Textview.swift */ = {isa = PBXFileReference; fileEncoding = 4; lastKnownFileType = sourcecode.swift; path = Textview.swift; sourceTree = "<group>"; };
		F60E7345241F6FB1004B612D /* TextFormatters.swift */ = {isa = PBXFileReference; fileEncoding = 4; lastKnownFileType = sourcecode.swift; path = TextFormatters.swift; sourceTree = "<group>"; };
		F60E734A241F6FD2004B612D /* Textfield.swift */ = {isa = PBXFileReference; fileEncoding = 4; lastKnownFileType = sourcecode.swift; path = Textfield.swift; sourceTree = "<group>"; };
		F6629710243B3E6100864891 /* Email.swift */ = {isa = PBXFileReference; lastKnownFileType = sourcecode.swift; path = Email.swift; sourceTree = "<group>"; };
		F666AC6A2381C450000F465F /* SnappingLayout.swift */ = {isa = PBXFileReference; fileEncoding = 4; lastKnownFileType = sourcecode.swift; path = SnappingLayout.swift; sourceTree = "<group>"; };
		F666AC6C2381C450000F465F /* CardView.swift */ = {isa = PBXFileReference; fileEncoding = 4; lastKnownFileType = sourcecode.swift; path = CardView.swift; sourceTree = "<group>"; };
		F666AC6D2381C450000F465F /* DataManager.swift */ = {isa = PBXFileReference; fileEncoding = 4; lastKnownFileType = sourcecode.swift; path = DataManager.swift; sourceTree = "<group>"; };
		F666AC6E2381C450000F465F /* CardMessages.swift */ = {isa = PBXFileReference; fileEncoding = 4; lastKnownFileType = sourcecode.swift; path = CardMessages.swift; sourceTree = "<group>"; };
		F666AC6F2381C450000F465F /* KingfisherSource.swift */ = {isa = PBXFileReference; fileEncoding = 4; lastKnownFileType = sourcecode.swift; path = KingfisherSource.swift; sourceTree = "<group>"; };
		F666AC712381C450000F465F /* ShinyButton.swift */ = {isa = PBXFileReference; fileEncoding = 4; lastKnownFileType = sourcecode.swift; path = ShinyButton.swift; sourceTree = "<group>"; };
		F666AC7C2381D768000F465F /* UIView.swift */ = {isa = PBXFileReference; lastKnownFileType = sourcecode.swift; path = UIView.swift; sourceTree = "<group>"; };
		F666AC7E2381D782000F465F /* String.swift */ = {isa = PBXFileReference; lastKnownFileType = sourcecode.swift; path = String.swift; sourceTree = "<group>"; };
		F666AC802381D79F000F465F /* PriceFormatter.swift */ = {isa = PBXFileReference; lastKnownFileType = sourcecode.swift; path = PriceFormatter.swift; sourceTree = "<group>"; };
		F666AC822381D813000F465F /* Color.swift */ = {isa = PBXFileReference; lastKnownFileType = sourcecode.swift; path = Color.swift; sourceTree = "<group>"; };
		F666AC842381D838000F465F /* Date.swift */ = {isa = PBXFileReference; lastKnownFileType = sourcecode.swift; path = Date.swift; sourceTree = "<group>"; };
		F666AC862381DE6D000F465F /* ApiManager.swift */ = {isa = PBXFileReference; lastKnownFileType = sourcecode.swift; path = ApiManager.swift; sourceTree = "<group>"; };
		F666AC882381E28D000F465F /* Button.swift */ = {isa = PBXFileReference; lastKnownFileType = sourcecode.swift; path = Button.swift; sourceTree = "<group>"; };
		F666AC8A2381E2B2000F465F /* Font.swift */ = {isa = PBXFileReference; lastKnownFileType = sourcecode.swift; path = Font.swift; sourceTree = "<group>"; };
		F666AC8C2381E58E000F465F /* Image.swift */ = {isa = PBXFileReference; lastKnownFileType = sourcecode.swift; path = Image.swift; sourceTree = "<group>"; };
		F666AC8E2381E5B0000F465F /* Float.swift */ = {isa = PBXFileReference; lastKnownFileType = sourcecode.swift; path = Float.swift; sourceTree = "<group>"; };
		F666AC902381E60E000F465F /* Localization.swift */ = {isa = PBXFileReference; lastKnownFileType = sourcecode.swift; path = Localization.swift; sourceTree = "<group>"; };
		F666AC922381E67F000F465F /* TextfieldRect.swift */ = {isa = PBXFileReference; lastKnownFileType = sourcecode.swift; path = TextfieldRect.swift; sourceTree = "<group>"; };
		F666AC942381E705000F465F /* ArrayMerge.swift */ = {isa = PBXFileReference; lastKnownFileType = sourcecode.swift; path = ArrayMerge.swift; sourceTree = "<group>"; };
		F666AC962381E76F000F465F /* ScrollView.swift */ = {isa = PBXFileReference; lastKnownFileType = sourcecode.swift; path = ScrollView.swift; sourceTree = "<group>"; };
		F666AC982381E9DA000F465F /* NavigationBarFullView.swift */ = {isa = PBXFileReference; lastKnownFileType = sourcecode.swift; path = NavigationBarFullView.swift; sourceTree = "<group>"; };
		F6A7B24B2376D87B003554DD /* Awesome-iOS-Snippets.app */ = {isa = PBXFileReference; explicitFileType = wrapper.application; includeInIndex = 0; path = "Awesome-iOS-Snippets.app"; sourceTree = BUILT_PRODUCTS_DIR; };
		F6A7B24E2376D87B003554DD /* AppDelegate.swift */ = {isa = PBXFileReference; lastKnownFileType = sourcecode.swift; path = AppDelegate.swift; sourceTree = "<group>"; };
		F6A7B2522376D87B003554DD /* ViewController.swift */ = {isa = PBXFileReference; lastKnownFileType = sourcecode.swift; path = ViewController.swift; sourceTree = "<group>"; };
		F6A7B2552376D87B003554DD /* Base */ = {isa = PBXFileReference; lastKnownFileType = file.storyboard; name = Base; path = Base.lproj/Main.storyboard; sourceTree = "<group>"; };
		F6A7B2572376D87D003554DD /* Assets.xcassets */ = {isa = PBXFileReference; lastKnownFileType = folder.assetcatalog; path = Assets.xcassets; sourceTree = "<group>"; };
		F6A7B25A2376D87D003554DD /* Base */ = {isa = PBXFileReference; lastKnownFileType = file.storyboard; name = Base; path = Base.lproj/LaunchScreen.storyboard; sourceTree = "<group>"; };
		F6A7B25C2376D87D003554DD /* Info.plist */ = {isa = PBXFileReference; lastKnownFileType = text.plist.xml; path = Info.plist; sourceTree = "<group>"; };
/* End PBXFileReference section */

/* Begin PBXFrameworksBuildPhase section */
		F6A7B2482376D87B003554DD /* Frameworks */ = {
			isa = PBXFrameworksBuildPhase;
			buildActionMask = 2147483647;
			files = (
			);
			runOnlyForDeploymentPostprocessing = 0;
		};
/* End PBXFrameworksBuildPhase section */

/* Begin PBXGroup section */
		F68FCBE62422BB2C0018B184 /* Textfield */ = {
			isa = PBXGroup;
			children = (
				F60E7345241F6FB1004B612D /* TextFormatters.swift */,
				F60E7344241F6FB1004B612D /* Textview.swift */,
				F60E734A241F6FD2004B612D /* Textfield.swift */,
				F6629710243B3E6100864891 /* Email.swift */,
			);
			path = Textfield;
			sourceTree = "<group>";
		};
		F6A7B2422376D87B003554DD = {
			isa = PBXGroup;
			children = (
				F6A7B24D2376D87B003554DD /* Awesome-iOS-Snippets */,
				F6A7B24C2376D87B003554DD /* Products */,
			);
			sourceTree = "<group>";
		};
		F6A7B24C2376D87B003554DD /* Products */ = {
			isa = PBXGroup;
			children = (
				F6A7B24B2376D87B003554DD /* Awesome-iOS-Snippets.app */,
			);
			name = Products;
			sourceTree = "<group>";
		};
		F6A7B24D2376D87B003554DD /* Awesome-iOS-Snippets */ = {
			isa = PBXGroup;
			children = (
				F68FCBE62422BB2C0018B184 /* Textfield */,
				F60E7342241F6FB1004B612D /* PriceFormatExtensions.swift */,
				F666AC6E2381C450000F465F /* CardMessages.swift */,
				F666AC6C2381C450000F465F /* CardView.swift */,
				F666AC6D2381C450000F465F /* DataManager.swift */,
				F666AC6F2381C450000F465F /* KingfisherSource.swift */,
				F666AC712381C450000F465F /* ShinyButton.swift */,
				F666AC6A2381C450000F465F /* SnappingLayout.swift */,
				F6A7B24E2376D87B003554DD /* AppDelegate.swift */,
				F6A7B2522376D87B003554DD /* ViewController.swift */,
				F6A7B2542376D87B003554DD /* Main.storyboard */,
				F6A7B2572376D87D003554DD /* Assets.xcassets */,
				F6A7B2592376D87D003554DD /* LaunchScreen.storyboard */,
				F6A7B25C2376D87D003554DD /* Info.plist */,
				F666AC7C2381D768000F465F /* UIView.swift */,
				F666AC7E2381D782000F465F /* String.swift */,
				F666AC802381D79F000F465F /* PriceFormatter.swift */,
				F666AC822381D813000F465F /* Color.swift */,
				F666AC842381D838000F465F /* Date.swift */,
				F666AC862381DE6D000F465F /* ApiManager.swift */,
				F666AC882381E28D000F465F /* Button.swift */,
				F666AC8A2381E2B2000F465F /* Font.swift */,
				F666AC8C2381E58E000F465F /* Image.swift */,
				F666AC8E2381E5B0000F465F /* Float.swift */,
				F666AC902381E60E000F465F /* Localization.swift */,
				F666AC922381E67F000F465F /* TextfieldRect.swift */,
				F666AC942381E705000F465F /* ArrayMerge.swift */,
				F666AC962381E76F000F465F /* ScrollView.swift */,
				F666AC982381E9DA000F465F /* NavigationBarFullView.swift */,
			);
			path = "Awesome-iOS-Snippets";
			sourceTree = "<group>";
		};
/* End PBXGroup section */

/* Begin PBXNativeTarget section */
		F6A7B24A2376D87B003554DD /* Awesome-iOS-Snippets */ = {
			isa = PBXNativeTarget;
			buildConfigurationList = F6A7B25F2376D87D003554DD /* Build configuration list for PBXNativeTarget "Awesome-iOS-Snippets" */;
			buildPhases = (
				F6A7B2472376D87B003554DD /* Sources */,
				F6A7B2482376D87B003554DD /* Frameworks */,
				F6A7B2492376D87B003554DD /* Resources */,
			);
			buildRules = (
			);
			dependencies = (
			);
			name = "Awesome-iOS-Snippets";
			productName = "Awesome-iOS-Snippets";
			productReference = F6A7B24B2376D87B003554DD /* Awesome-iOS-Snippets.app */;
			productType = "com.apple.product-type.application";
		};
/* End PBXNativeTarget section */

/* Begin PBXProject section */
		F6A7B2432376D87B003554DD /* Project object */ = {
			isa = PBXProject;
			attributes = {
				LastSwiftUpdateCheck = 1100;
				LastUpgradeCheck = 1100;
				ORGANIZATIONNAME = Don;
				TargetAttributes = {
					F6A7B24A2376D87B003554DD = {
						CreatedOnToolsVersion = 11.0;
					};
				};
			};
			buildConfigurationList = F6A7B2462376D87B003554DD /* Build configuration list for PBXProject "Awesome-iOS-Snippets" */;
			compatibilityVersion = "Xcode 9.3";
			developmentRegion = en;
			hasScannedForEncodings = 0;
			knownRegions = (
				en,
				Base,
			);
			mainGroup = F6A7B2422376D87B003554DD;
			productRefGroup = F6A7B24C2376D87B003554DD /* Products */;
			projectDirPath = "";
			projectRoot = "";
			targets = (
				F6A7B24A2376D87B003554DD /* Awesome-iOS-Snippets */,
			);
		};
/* End PBXProject section */

/* Begin PBXResourcesBuildPhase section */
		F6A7B2492376D87B003554DD /* Resources */ = {
			isa = PBXResourcesBuildPhase;
			buildActionMask = 2147483647;
			files = (
				F6A7B25B2376D87D003554DD /* LaunchScreen.storyboard in Resources */,
				F6A7B2582376D87D003554DD /* Assets.xcassets in Resources */,
				F6A7B2562376D87B003554DD /* Main.storyboard in Resources */,
			);
			runOnlyForDeploymentPostprocessing = 0;
		};
/* End PBXResourcesBuildPhase section */

/* Begin PBXSourcesBuildPhase section */
		F6A7B2472376D87B003554DD /* Sources */ = {
			isa = PBXSourcesBuildPhase;
			buildActionMask = 2147483647;
			files = (
				F6A7B2532376D87B003554DD /* ViewController.swift in Sources */,
				F666AC8D2381E58E000F465F /* Image.swift in Sources */,
				F666AC7F2381D782000F465F /* String.swift in Sources */,
				F666AC812381D79F000F465F /* PriceFormatter.swift in Sources */,
				F666AC892381E28E000F465F /* Button.swift in Sources */,
				F60E7346241F6FB1004B612D /* PriceFormatExtensions.swift in Sources */,
				F666AC852381D838000F465F /* Date.swift in Sources */,
				F60E734B241F6FD2004B612D /* Textfield.swift in Sources */,
				F666AC912381E60E000F465F /* Localization.swift in Sources */,
				F666AC932381E67F000F465F /* TextfieldRect.swift in Sources */,
				F666AC772381C450000F465F /* KingfisherSource.swift in Sources */,
				F666AC992381E9DA000F465F /* NavigationBarFullView.swift in Sources */,
				F666AC722381C450000F465F /* SnappingLayout.swift in Sources */,
				F6A7B24F2376D87B003554DD /* AppDelegate.swift in Sources */,
				F666AC972381E76F000F465F /* ScrollView.swift in Sources */,
				F666AC872381DE6D000F465F /* ApiManager.swift in Sources */,
				F666AC7D2381D768000F465F /* UIView.swift in Sources */,
				F666AC792381C450000F465F /* ShinyButton.swift in Sources */,
				F60E7348241F6FB1004B612D /* Textview.swift in Sources */,
				F666AC832381D813000F465F /* Color.swift in Sources */,
				F666AC8F2381E5B0000F465F /* Float.swift in Sources */,
				F666AC8B2381E2B2000F465F /* Font.swift in Sources */,
				F6629711243B3E6100864891 /* Email.swift in Sources */,
				F666AC752381C450000F465F /* DataManager.swift in Sources */,
				F60E7349241F6FB1004B612D /* TextFormatters.swift in Sources */,
				F666AC952381E705000F465F /* ArrayMerge.swift in Sources */,
				F666AC742381C450000F465F /* CardView.swift in Sources */,
				F666AC762381C450000F465F /* CardMessages.swift in Sources */,
			);
			runOnlyForDeploymentPostprocessing = 0;
		};
/* End PBXSourcesBuildPhase section */

/* Begin PBXVariantGroup section */
		F6A7B2542376D87B003554DD /* Main.storyboard */ = {
			isa = PBXVariantGroup;
			children = (
				F6A7B2552376D87B003554DD /* Base */,
			);
			name = Main.storyboard;
			sourceTree = "<group>";
		};
		F6A7B2592376D87D003554DD /* LaunchScreen.storyboard */ = {
			isa = PBXVariantGroup;
			children = (
				F6A7B25A2376D87D003554DD /* Base */,
			);
			name = LaunchScreen.storyboard;
			sourceTree = "<group>";
		};
/* End PBXVariantGroup section */

/* Begin XCBuildConfiguration section */
		F6A7B25D2376D87D003554DD /* Debug */ = {
			isa = XCBuildConfiguration;
			buildSettings = {
				ALWAYS_SEARCH_USER_PATHS = NO;
				CLANG_ANALYZER_NONNULL = YES;
				CLANG_ANALYZER_NUMBER_OBJECT_CONVERSION = YES_AGGRESSIVE;
				CLANG_CXX_LANGUAGE_STANDARD = "gnu++14";
				CLANG_CXX_LIBRARY = "libc++";
				CLANG_ENABLE_MODULES = YES;
				CLANG_ENABLE_OBJC_ARC = YES;
				CLANG_ENABLE_OBJC_WEAK = YES;
				CLANG_WARN_BLOCK_CAPTURE_AUTORELEASING = YES;
				CLANG_WARN_BOOL_CONVERSION = YES;
				CLANG_WARN_COMMA = YES;
				CLANG_WARN_CONSTANT_CONVERSION = YES;
				CLANG_WARN_DEPRECATED_OBJC_IMPLEMENTATIONS = YES;
				CLANG_WARN_DIRECT_OBJC_ISA_USAGE = YES_ERROR;
				CLANG_WARN_DOCUMENTATION_COMMENTS = YES;
				CLANG_WARN_EMPTY_BODY = YES;
				CLANG_WARN_ENUM_CONVERSION = YES;
				CLANG_WARN_INFINITE_RECURSION = YES;
				CLANG_WARN_INT_CONVERSION = YES;
				CLANG_WARN_NON_LITERAL_NULL_CONVERSION = YES;
				CLANG_WARN_OBJC_IMPLICIT_RETAIN_SELF = YES;
				CLANG_WARN_OBJC_LITERAL_CONVERSION = YES;
				CLANG_WARN_OBJC_ROOT_CLASS = YES_ERROR;
				CLANG_WARN_RANGE_LOOP_ANALYSIS = YES;
				CLANG_WARN_STRICT_PROTOTYPES = YES;
				CLANG_WARN_SUSPICIOUS_MOVE = YES;
				CLANG_WARN_UNGUARDED_AVAILABILITY = YES_AGGRESSIVE;
				CLANG_WARN_UNREACHABLE_CODE = YES;
				CLANG_WARN__DUPLICATE_METHOD_MATCH = YES;
				COPY_PHASE_STRIP = NO;
				DEBUG_INFORMATION_FORMAT = dwarf;
				ENABLE_STRICT_OBJC_MSGSEND = YES;
				ENABLE_TESTABILITY = YES;
				GCC_C_LANGUAGE_STANDARD = gnu11;
				GCC_DYNAMIC_NO_PIC = NO;
				GCC_NO_COMMON_BLOCKS = YES;
				GCC_OPTIMIZATION_LEVEL = 0;
				GCC_PREPROCESSOR_DEFINITIONS = (
					"DEBUG=1",
					"$(inherited)",
				);
				GCC_WARN_64_TO_32_BIT_CONVERSION = YES;
				GCC_WARN_ABOUT_RETURN_TYPE = YES_ERROR;
				GCC_WARN_UNDECLARED_SELECTOR = YES;
				GCC_WARN_UNINITIALIZED_AUTOS = YES_AGGRESSIVE;
				GCC_WARN_UNUSED_FUNCTION = YES;
				GCC_WARN_UNUSED_VARIABLE = YES;
				IPHONEOS_DEPLOYMENT_TARGET = 13.0;
				MTL_ENABLE_DEBUG_INFO = INCLUDE_SOURCE;
				MTL_FAST_MATH = YES;
				ONLY_ACTIVE_ARCH = YES;
				SDKROOT = iphoneos;
				SWIFT_ACTIVE_COMPILATION_CONDITIONS = DEBUG;
				SWIFT_OPTIMIZATION_LEVEL = "-Onone";
			};
			name = Debug;
		};
		F6A7B25E2376D87D003554DD /* Release */ = {
			isa = XCBuildConfiguration;
			buildSettings = {
				ALWAYS_SEARCH_USER_PATHS = NO;
				CLANG_ANALYZER_NONNULL = YES;
				CLANG_ANALYZER_NUMBER_OBJECT_CONVERSION = YES_AGGRESSIVE;
				CLANG_CXX_LANGUAGE_STANDARD = "gnu++14";
				CLANG_CXX_LIBRARY = "libc++";
				CLANG_ENABLE_MODULES = YES;
				CLANG_ENABLE_OBJC_ARC = YES;
				CLANG_ENABLE_OBJC_WEAK = YES;
				CLANG_WARN_BLOCK_CAPTURE_AUTORELEASING = YES;
				CLANG_WARN_BOOL_CONVERSION = YES;
				CLANG_WARN_COMMA = YES;
				CLANG_WARN_CONSTANT_CONVERSION = YES;
				CLANG_WARN_DEPRECATED_OBJC_IMPLEMENTATIONS = YES;
				CLANG_WARN_DIRECT_OBJC_ISA_USAGE = YES_ERROR;
				CLANG_WARN_DOCUMENTATION_COMMENTS = YES;
				CLANG_WARN_EMPTY_BODY = YES;
				CLANG_WARN_ENUM_CONVERSION = YES;
				CLANG_WARN_INFINITE_RECURSION = YES;
				CLANG_WARN_INT_CONVERSION = YES;
				CLANG_WARN_NON_LITERAL_NULL_CONVERSION = YES;
				CLANG_WARN_OBJC_IMPLICIT_RETAIN_SELF = YES;
				CLANG_WARN_OBJC_LITERAL_CONVERSION = YES;
				CLANG_WARN_OBJC_ROOT_CLASS = YES_ERROR;
				CLANG_WARN_RANGE_LOOP_ANALYSIS = YES;
				CLANG_WARN_STRICT_PROTOTYPES = YES;
				CLANG_WARN_SUSPICIOUS_MOVE = YES;
				CLANG_WARN_UNGUARDED_AVAILABILITY = YES_AGGRESSIVE;
				CLANG_WARN_UNREACHABLE_CODE = YES;
				CLANG_WARN__DUPLICATE_METHOD_MATCH = YES;
				COPY_PHASE_STRIP = NO;
				DEBUG_INFORMATION_FORMAT = "dwarf-with-dsym";
				ENABLE_NS_ASSERTIONS = NO;
				ENABLE_STRICT_OBJC_MSGSEND = YES;
				GCC_C_LANGUAGE_STANDARD = gnu11;
				GCC_NO_COMMON_BLOCKS = YES;
				GCC_WARN_64_TO_32_BIT_CONVERSION = YES;
				GCC_WARN_ABOUT_RETURN_TYPE = YES_ERROR;
				GCC_WARN_UNDECLARED_SELECTOR = YES;
				GCC_WARN_UNINITIALIZED_AUTOS = YES_AGGRESSIVE;
				GCC_WARN_UNUSED_FUNCTION = YES;
				GCC_WARN_UNUSED_VARIABLE = YES;
				IPHONEOS_DEPLOYMENT_TARGET = 13.0;
				MTL_ENABLE_DEBUG_INFO = NO;
				MTL_FAST_MATH = YES;
				SDKROOT = iphoneos;
				SWIFT_COMPILATION_MODE = wholemodule;
				SWIFT_OPTIMIZATION_LEVEL = "-O";
				VALIDATE_PRODUCT = YES;
			};
			name = Release;
		};
		F6A7B2602376D87D003554DD /* Debug */ = {
			isa = XCBuildConfiguration;
			buildSettings = {
				ASSETCATALOG_COMPILER_APPICON_NAME = AppIcon;
				CODE_SIGN_STYLE = Automatic;
				INFOPLIST_FILE = "Awesome-iOS-Snippets/Info.plist";
				LD_RUNPATH_SEARCH_PATHS = (
					"$(inherited)",
					"@executable_path/Frameworks",
				);
				PRODUCT_BUNDLE_IDENTIFIER = "com.don.Awesome-iOS-Snippets";
				PRODUCT_NAME = "$(TARGET_NAME)";
				SWIFT_VERSION = 5.0;
				TARGETED_DEVICE_FAMILY = "1,2";
			};
			name = Debug;
		};
		F6A7B2612376D87D003554DD /* Release */ = {
			isa = XCBuildConfiguration;
			buildSettings = {
				ASSETCATALOG_COMPILER_APPICON_NAME = AppIcon;
				CODE_SIGN_STYLE = Automatic;
				INFOPLIST_FILE = "Awesome-iOS-Snippets/Info.plist";
				LD_RUNPATH_SEARCH_PATHS = (
					"$(inherited)",
					"@executable_path/Frameworks",
				);
				PRODUCT_BUNDLE_IDENTIFIER = "com.don.Awesome-iOS-Snippets";
				PRODUCT_NAME = "$(TARGET_NAME)";
				SWIFT_VERSION = 5.0;
				TARGETED_DEVICE_FAMILY = "1,2";
			};
			name = Release;
		};
/* End XCBuildConfiguration section */

/* Begin XCConfigurationList section */
		F6A7B2462376D87B003554DD /* Build configuration list for PBXProject "Awesome-iOS-Snippets" */ = {
			isa = XCConfigurationList;
			buildConfigurations = (
				F6A7B25D2376D87D003554DD /* Debug */,
				F6A7B25E2376D87D003554DD /* Release */,
			);
			defaultConfigurationIsVisible = 0;
			defaultConfigurationName = Release;
		};
		F6A7B25F2376D87D003554DD /* Build configuration list for PBXNativeTarget "Awesome-iOS-Snippets" */ = {
			isa = XCConfigurationList;
			buildConfigurations = (
				F6A7B2602376D87D003554DD /* Debug */,
				F6A7B2612376D87D003554DD /* Release */,
			);
			defaultConfigurationIsVisible = 0;
			defaultConfigurationName = Release;
		};
/* End XCConfigurationList section */
	};
	rootObject = F6A7B2432376D87B003554DD /* Project object */;
}
